
Microsoft Visual Studio Solution File, Format Version 12.00
# Visual Studio Version 17
VisualStudioVersion = 17.11.35327.3
MinimumVisualStudioVersion = 10.0.40219.1
Project("{FAE04EC0-301F-11D3-BF4B-00C04F79EFBC}") = "Ecommerce Website", "Ecommerce Website\Ecommerce Website.csproj", "{8694C107-1CEB-4051-931C-690E3DC38862}"
EndProject
Global
	GlobalSection(SolutionConfigurationPlatforms) = preSolution
		Debug|Any CPU = Debug|Any CPU
		Release|Any CPU = Release|Any CPU
	EndGlobalSection
	GlobalSection(ProjectConfigurationPlatforms) = postSolution
		{8694C107-1CEB-4051-931C-690E3DC38862}.Debug|Any CPU.ActiveCfg = Debug|Any CPU
		{8694C107-1CEB-4051-931C-690E3DC38862}.Debug|Any CPU.Build.0 = Debug|Any CPU
		{8694C107-1CEB-4051-931C-690E3DC38862}.Release|Any CPU.ActiveCfg = Release|Any CPU
		{8694C107-1CEB-4051-931C-690E3DC38862}.Release|Any CPU.Build.0 = Release|Any CPU
	EndGlobalSection
	GlobalSection(SolutionProperties) = preSolution
		HideSolutionNode = FALSE
	EndGlobalSection
	GlobalSection(ExtensibilityGlobals) = postSolution
		SolutionGuid = {DCBB6DA2-67E7-4BAE-B11B-48F3F5056311}
	EndGlobalSection
EndGlobal
